PODS:
  - Flutter (1.0.0)
  - flutter_js (0.1.0):
    - Flutter

DEPENDENCIES:
  - Flutter (from `Flutter`)
  - flutter_js (from `.symlinks/plugins/flutter_js/ios`)

EXTERNAL SOURCES:
  Flutter:
    :path: Flutter
  flutter_js:
    :path: ".symlinks/plugins/flutter_js/ios"

SPEC CHECKSUMS:
  Flutter: cabc95a1d2626b1b06e7179b784ebcf0c0cde467
  flutter_js: a96256db1405b37a6063b7d207df4dedf8f96f69

PODFILE CHECKSUM: d2243213672c3c48aae53c36642ba411a6be7309

COCOAPODS: 1.16.2
